
Microsoft Visual Studio Solution File, Format Version 12.00
Project("{2150E333-8FDC-42A3-9474-1A3956D46DE8}") = "Solution Items", "Solution Items", "{8ACA9663-9E49-42E7-99AE-E5B5D8685F50}"
	ProjectSection(SolutionItems) = preProject
		compose.yaml = compose.yaml
	EndProjectSection
EndProject
Project("{FAE04EC0-301F-11D3-BF4B-00C04F79EFBC}") = "Project498.WebServer", "Project498.WebServer\Project498.WebServer.csproj", "{EA173C6A-5841-4AFE-AB27-13CA3CFD3DE9}"
EndProject
Project("{FAE04EC0-301F-11D3-BF4B-00C04F79EFBC}") = "Project498.WebApi", "Project498.WebApi\Project498.WebApi.csproj", "{62576913-169A-4BEA-98C7-22EB4FF70C9C}"
EndProject
Global
	GlobalSection(SolutionConfigurationPlatforms) = preSolution
		Debug|Any CPU = Debug|Any CPU
		Release|Any CPU = Release|Any CPU
	EndGlobalSection
	GlobalSection(ProjectConfigurationPlatforms) = postSolution
		{EA173C6A-5841-4AFE-AB27-13CA3CFD3DE9}.Debug|Any CPU.ActiveCfg = Debug|Any CPU
		{EA173C6A-5841-4AFE-AB27-13CA3CFD3DE9}.Debug|Any CPU.Build.0 = Debug|Any CPU
		{EA173C6A-5841-4AFE-AB27-13CA3CFD3DE9}.Release|Any CPU.ActiveCfg = Release|Any CPU
		{EA173C6A-5841-4AFE-AB27-13CA3CFD3DE9}.Release|Any CPU.Build.0 = Release|Any CPU
		{62576913-169A-4BEA-98C7-22EB4FF70C9C}.Debug|Any CPU.ActiveCfg = Debug|Any CPU
		{62576913-169A-4BEA-98C7-22EB4FF70C9C}.Debug|Any CPU.Build.0 = Debug|Any CPU
		{62576913-169A-4BEA-98C7-22EB4FF70C9C}.Release|Any CPU.ActiveCfg = Release|Any CPU
		{62576913-169A-4BEA-98C7-22EB4FF70C9C}.Release|Any CPU.Build.0 = Release|Any CPU
	EndGlobalSection
	GlobalSection(SolutionProperties) = preSolution
		HideSolutionNode = FALSE
	EndGlobalSection
EndGlobal
